
Microsoft Visual Studio Solution File, Format Version 12.00
# Visual Studio 14
VisualStudioVersion = 14.0.23107.0
MinimumVisualStudioVersion = 10.0.40219.1
Project("{FAE04EC0-301F-11D3-BF4B-00C04F79EFBC}") = "Solution", "Solution\Solution.csproj", "{3B4CFF3A-22DD-4A5D-99B8-A9275776D43B}"
EndProject
Project("{FAE04EC0-301F-11D3-BF4B-00C04F79EFBC}") = "DataStructure", "DataStructure\DataStructure.csproj", "{CFE3A27D-AECE-40F5-B4DC-B8E0CE145C3E}"
EndProject
Global
	GlobalSection(SolutionConfigurationPlatforms) = preSolution
		Debug|Any CPU = Debug|Any CPU
		Release|Any CPU = Release|Any CPU
	EndGlobalSection
	GlobalSection(ProjectConfigurationPlatforms) = postSolution
		{3B4CFF3A-22DD-4A5D-99B8-A9275776D43B}.Debug|Any CPU.ActiveCfg = Debug|Any CPU
		{3B4CFF3A-22DD-4A5D-99B8-A9275776D43B}.Debug|Any CPU.Build.0 = Debug|Any CPU
		{3B4CFF3A-22DD-4A5D-99B8-A9275776D43B}.Release|Any CPU.ActiveCfg = Release|Any CPU
		{3B4CFF3A-22DD-4A5D-99B8-A9275776D43B}.Release|Any CPU.Build.0 = Release|Any CPU
		{CFE3A27D-AECE-40F5-B4DC-B8E0CE145C3E}.Debug|Any CPU.ActiveCfg = Debug|Any CPU
		{CFE3A27D-AECE-40F5-B4DC-B8E0CE145C3E}.Debug|Any CPU.Build.0 = Debug|Any CPU
		{CFE3A27D-AECE-40F5-B4DC-B8E0CE145C3E}.Release|Any CPU.ActiveCfg = Release|Any CPU
		{CFE3A27D-AECE-40F5-B4DC-B8E0CE145C3E}.Release|Any CPU.Build.0 = Release|Any CPU
	EndGlobalSection
	GlobalSection(SolutionProperties) = preSolution
		HideSolutionNode = FALSE
	EndGlobalSection
EndGlobal
